
Microsoft Visual Studio Solution File, Format Version 12.00
# Visual Studio Version 16
VisualStudioVersion = 16.0.29709.97
MinimumVisualStudioVersion = 10.0.40219.1
Project("{FAE04EC0-301F-11D3-BF4B-00C04F79EFBC}") = "Site", "Site\Site.csproj", "{0CBA2770-84DD-4F18-B89A-68029354455F}"
EndProject
Global
	GlobalSection(SolutionConfigurationPlatforms) = preSolution
		Debug|Any CPU = Debug|Any CPU
		Release|Any CPU = Release|Any CPU
	EndGlobalSection
	GlobalSection(ProjectConfigurationPlatforms) = postSolution
		{0CBA2770-84DD-4F18-B89A-68029354455F}.Debug|Any CPU.ActiveCfg = Debug|Any CPU
		{0CBA2770-84DD-4F18-B89A-68029354455F}.Debug|Any CPU.Build.0 = Debug|Any CPU
		{0CBA2770-84DD-4F18-B89A-68029354455F}.Release|Any CPU.ActiveCfg = Release|Any CPU
		{0CBA2770-84DD-4F18-B89A-68029354455F}.Release|Any CPU.Build.0 = Release|Any CPU
	EndGlobalSection
	GlobalSection(SolutionProperties) = preSolution
		HideSolutionNode = FALSE
	EndGlobalSection
	GlobalSection(ExtensibilityGlobals) = postSolution
		SolutionGuid = {916E4AD7-3237-4D40-838A-D97724032580}
	EndGlobalSection
EndGlobal
